
Microsoft Visual Studio Solution File, Format Version 12.00
# Visual Studio Version 16
VisualStudioVersion = 16.0.31424.327
MinimumVisualStudioVersion = 10.0.40219.1
Project("{9A19103F-16F7-4668-BE54-9A1E7A4F7556}") = "WebApi", "WebApi\WebApi.csproj", "{094C6FD7-A6DA-46F9-9670-3DBB0A31CB33}"
EndProject
Project("{9A19103F-16F7-4668-BE54-9A1E7A4F7556}") = "OthersAPI", "OthersAPI\OthersAPI.csproj", "{116F2A49-64F2-4CF9-A729-B00B52706463}"
EndProject
Project("{9A19103F-16F7-4668-BE54-9A1E7A4F7556}") = "OthersAPI.Tests", "OthersAPI.Tests\OthersAPI.Tests.csproj", "{A77A16E7-5BAE-4CF9-9040-C8AD909C6347}"
EndProject
Project("{9A19103F-16F7-4668-BE54-9A1E7A4F7556}") = "WebApi.IntegrationTests", "WebApi.IntegrationTests\WebApi.IntegrationTests.csproj", "{EFAA54BF-0EF4-4BE7-9805-FFB2C88CBA67}"
EndProject
Project("{E24C65DC-7377-472B-9ABA-BC803B73C61A}") = "WCFService", "WCFService\", "{E6C41C80-94E6-4D29-8768-8433582C0AB0}"
	ProjectSection(WebsiteProperties) = preProject
		TargetFrameworkMoniker = ".NETFramework,Version%3Dv4.7.2"
		Debug.AspNetCompiler.VirtualPath = "/localhost_52917"
		Debug.AspNetCompiler.PhysicalPath = "WCFService\"
		Debug.AspNetCompiler.TargetPath = "PrecompiledWeb\localhost_52917\"
		Debug.AspNetCompiler.Updateable = "true"
		Debug.AspNetCompiler.ForceOverwrite = "true"
		Debug.AspNetCompiler.FixedNames = "false"
		Debug.AspNetCompiler.Debug = "True"
		Release.AspNetCompiler.VirtualPath = "/localhost_52917"
		Release.AspNetCompiler.PhysicalPath = "WCFService\"
		Release.AspNetCompiler.TargetPath = "PrecompiledWeb\localhost_52917\"
		Release.AspNetCompiler.Updateable = "true"
		Release.AspNetCompiler.ForceOverwrite = "true"
		Release.AspNetCompiler.FixedNames = "false"
		Release.AspNetCompiler.Debug = "False"
		VWDPort = "52917"
		SlnRelativePath = "WCFService\"
		DefaultWebSiteLanguage = "Visual C#"
	EndProjectSection
EndProject
Global
	GlobalSection(SolutionConfigurationPlatforms) = preSolution
		Debug|Any CPU = Debug|Any CPU
		Release|Any CPU = Release|Any CPU
	EndGlobalSection
	GlobalSection(ProjectConfigurationPlatforms) = postSolution
		{094C6FD7-A6DA-46F9-9670-3DBB0A31CB33}.Debug|Any CPU.ActiveCfg = Debug|Any CPU
		{094C6FD7-A6DA-46F9-9670-3DBB0A31CB33}.Debug|Any CPU.Build.0 = Debug|Any CPU
		{094C6FD7-A6DA-46F9-9670-3DBB0A31CB33}.Release|Any CPU.ActiveCfg = Release|Any CPU
		{094C6FD7-A6DA-46F9-9670-3DBB0A31CB33}.Release|Any CPU.Build.0 = Release|Any CPU
		{116F2A49-64F2-4CF9-A729-B00B52706463}.Debug|Any CPU.ActiveCfg = Debug|Any CPU
		{116F2A49-64F2-4CF9-A729-B00B52706463}.Debug|Any CPU.Build.0 = Debug|Any CPU
		{116F2A49-64F2-4CF9-A729-B00B52706463}.Release|Any CPU.ActiveCfg = Release|Any CPU
		{116F2A49-64F2-4CF9-A729-B00B52706463}.Release|Any CPU.Build.0 = Release|Any CPU
		{A77A16E7-5BAE-4CF9-9040-C8AD909C6347}.Debug|Any CPU.ActiveCfg = Debug|Any CPU
		{A77A16E7-5BAE-4CF9-9040-C8AD909C6347}.Debug|Any CPU.Build.0 = Debug|Any CPU
		{A77A16E7-5BAE-4CF9-9040-C8AD909C6347}.Release|Any CPU.ActiveCfg = Release|Any CPU
		{A77A16E7-5BAE-4CF9-9040-C8AD909C6347}.Release|Any CPU.Build.0 = Release|Any CPU
		{EFAA54BF-0EF4-4BE7-9805-FFB2C88CBA67}.Debug|Any CPU.ActiveCfg = Debug|Any CPU
		{EFAA54BF-0EF4-4BE7-9805-FFB2C88CBA67}.Debug|Any CPU.Build.0 = Debug|Any CPU
		{EFAA54BF-0EF4-4BE7-9805-FFB2C88CBA67}.Release|Any CPU.ActiveCfg = Release|Any CPU
		{EFAA54BF-0EF4-4BE7-9805-FFB2C88CBA67}.Release|Any CPU.Build.0 = Release|Any CPU
		{E6C41C80-94E6-4D29-8768-8433582C0AB0}.Debug|Any CPU.ActiveCfg = Debug|Any CPU
		{E6C41C80-94E6-4D29-8768-8433582C0AB0}.Debug|Any CPU.Build.0 = Debug|Any CPU
		{E6C41C80-94E6-4D29-8768-8433582C0AB0}.Release|Any CPU.ActiveCfg = Debug|Any CPU
		{E6C41C80-94E6-4D29-8768-8433582C0AB0}.Release|Any CPU.Build.0 = Debug|Any CPU
	EndGlobalSection
	GlobalSection(SolutionProperties) = preSolution
		HideSolutionNode = FALSE
	EndGlobalSection
	GlobalSection(ExtensibilityGlobals) = postSolution
		SolutionGuid = {BF379F9C-6BBB-491F-BF91-3C290B25D88F}
	EndGlobalSection
EndGlobal
